
Microsoft Visual Studio Solution File, Format Version 12.00
# Visual Studio Version 17
VisualStudioVersion = 17.3.32929.385
MinimumVisualStudioVersion = 10.0.40219.1
Project("{FAE04EC0-301F-11D3-BF4B-00C04F79EFBC}") = "DataStruructureAndAlgorithms", "DataStruructureAndAlgorithms.csproj", "{EAD9647A-8EF6-479A-A6A0-D054430B2894}"
EndProject
Global
	GlobalSection(SolutionConfigurationPlatforms) = preSolution
		Debug|Any CPU = Debug|Any CPU
		Release|Any CPU = Release|Any CPU
	EndGlobalSection
	GlobalSection(ProjectConfigurationPlatforms) = postSolution
		{EAD9647A-8EF6-479A-A6A0-D054430B2894}.Debug|Any CPU.ActiveCfg = Debug|Any CPU
		{EAD9647A-8EF6-479A-A6A0-D054430B2894}.Debug|Any CPU.Build.0 = Debug|Any CPU
		{EAD9647A-8EF6-479A-A6A0-D054430B2894}.Release|Any CPU.ActiveCfg = Release|Any CPU
		{EAD9647A-8EF6-479A-A6A0-D054430B2894}.Release|Any CPU.Build.0 = Release|Any CPU
	EndGlobalSection
	GlobalSection(SolutionProperties) = preSolution
		HideSolutionNode = FALSE
	EndGlobalSection
	GlobalSection(ExtensibilityGlobals) = postSolution
		SolutionGuid = {A948523E-805B-4AD6-821B-85760ED67195}
	EndGlobalSection
EndGlobal
